
Microsoft Visual Studio Solution File, Format Version 12.00
# Visual Studio 15
VisualStudioVersion = 15.0.28307.1022
MinimumVisualStudioVersion = 10.0.40219.1
Project("{FAE04EC0-301F-11D3-BF4B-00C04F79EFBC}") = "Generador de automatas ER", "Generador de automatas ER\Generador de automatas ER.csproj", "{9CA4E5E2-0482-4C4A-AF0C-B45382F16E71}"
EndProject
Global
	GlobalSection(SolutionConfigurationPlatforms) = preSolution
		Debug|Any CPU = Debug|Any CPU
		Release|Any CPU = Release|Any CPU
	EndGlobalSection
	GlobalSection(ProjectConfigurationPlatforms) = postSolution
		{9CA4E5E2-0482-4C4A-AF0C-B45382F16E71}.Debug|Any CPU.ActiveCfg = Debug|Any CPU
		{9CA4E5E2-0482-4C4A-AF0C-B45382F16E71}.Debug|Any CPU.Build.0 = Debug|Any CPU
		{9CA4E5E2-0482-4C4A-AF0C-B45382F16E71}.Release|Any CPU.ActiveCfg = Release|Any CPU
		{9CA4E5E2-0482-4C4A-AF0C-B45382F16E71}.Release|Any CPU.Build.0 = Release|Any CPU
	EndGlobalSection
	GlobalSection(SolutionProperties) = preSolution
		HideSolutionNode = FALSE
	EndGlobalSection
	GlobalSection(ExtensibilityGlobals) = postSolution
		SolutionGuid = {87EBBC07-5B06-4F64-A10B-282F9D8B3765}
	EndGlobalSection
EndGlobal
